
Microsoft Visual Studio Solution File, Format Version 12.00
# Visual Studio Version 16
VisualStudioVersion = 16.0.30114.105
MinimumVisualStudioVersion = 10.0.40219.1
Project("{FAE04EC0-301F-11D3-BF4B-00C04F79EFBC}") = "ClassLib", "ClassLib.csproj", "{4A0BB9DE-23A6-4015-B4AD-1037B0BAF7DA}"
EndProject
Project("{FAE04EC0-301F-11D3-BF4B-00C04F79EFBC}") = "InternalClassLib", "..\InternalClassLib\InternalClassLib.csproj", "{B81E0071-074C-42DA-84CD-60FE1BA7DFF9}"
EndProject
Global
	GlobalSection(SolutionConfigurationPlatforms) = preSolution
		Debug|Any CPU = Debug|Any CPU
		Release|Any CPU = Release|Any CPU
	EndGlobalSection
	GlobalSection(SolutionProperties) = preSolution
		HideSolutionNode = FALSE
	EndGlobalSection
	GlobalSection(ProjectConfigurationPlatforms) = postSolution
		{4A0BB9DE-23A6-4015-B4AD-1037B0BAF7DA}.Debug|Any CPU.ActiveCfg = Debug|Any CPU
		{4A0BB9DE-23A6-4015-B4AD-1037B0BAF7DA}.Debug|Any CPU.Build.0 = Debug|Any CPU
		{4A0BB9DE-23A6-4015-B4AD-1037B0BAF7DA}.Release|Any CPU.ActiveCfg = Release|Any CPU
		{4A0BB9DE-23A6-4015-B4AD-1037B0BAF7DA}.Release|Any CPU.Build.0 = Release|Any CPU
		{B81E0071-074C-42DA-84CD-60FE1BA7DFF9}.Debug|Any CPU.ActiveCfg = Debug|Any CPU
		{B81E0071-074C-42DA-84CD-60FE1BA7DFF9}.Debug|Any CPU.Build.0 = Debug|Any CPU
		{B81E0071-074C-42DA-84CD-60FE1BA7DFF9}.Release|Any CPU.ActiveCfg = Release|Any CPU
		{B81E0071-074C-42DA-84CD-60FE1BA7DFF9}.Release|Any CPU.Build.0 = Release|Any CPU
	EndGlobalSection
EndGlobal
