
Microsoft Visual Studio Solution File, Format Version 12.00
# Visual Studio Version 16
VisualStudioVersion = 16.0.30114.105
MinimumVisualStudioVersion = 10.0.40219.1
Project("{FAE04EC0-301F-11D3-BF4B-00C04F79EFBC}") = "ConsoleApp", "ConsoleApp.csproj", "{ABAFC7DA-9130-44A6-901B-4D9BD0A41B28}"
EndProject
Project("{FAE04EC0-301F-11D3-BF4B-00C04F79EFBC}") = "ClassLib", "..\ClassLib\ClassLib.csproj", "{4ED46DFB-9CCB-4CAA-9C0D-DF6DB1D4EB0B}"
EndProject
Project("{FAE04EC0-301F-11D3-BF4B-00C04F79EFBC}") = "InternalClassLib", "..\InternalClassLib\InternalClassLib.csproj", "{F86F685E-5381-4E22-B663-1D2EDC0BC051}"
EndProject
Global
	GlobalSection(SolutionConfigurationPlatforms) = preSolution
		Debug|Any CPU = Debug|Any CPU
		Release|Any CPU = Release|Any CPU
	EndGlobalSection
	GlobalSection(SolutionProperties) = preSolution
		HideSolutionNode = FALSE
	EndGlobalSection
	GlobalSection(ProjectConfigurationPlatforms) = postSolution
		{ABAFC7DA-9130-44A6-901B-4D9BD0A41B28}.Debug|Any CPU.ActiveCfg = Debug|Any CPU
		{ABAFC7DA-9130-44A6-901B-4D9BD0A41B28}.Debug|Any CPU.Build.0 = Debug|Any CPU
		{ABAFC7DA-9130-44A6-901B-4D9BD0A41B28}.Release|Any CPU.ActiveCfg = Release|Any CPU
		{ABAFC7DA-9130-44A6-901B-4D9BD0A41B28}.Release|Any CPU.Build.0 = Release|Any CPU
		{4ED46DFB-9CCB-4CAA-9C0D-DF6DB1D4EB0B}.Debug|Any CPU.ActiveCfg = Debug|Any CPU
		{4ED46DFB-9CCB-4CAA-9C0D-DF6DB1D4EB0B}.Debug|Any CPU.Build.0 = Debug|Any CPU
		{4ED46DFB-9CCB-4CAA-9C0D-DF6DB1D4EB0B}.Release|Any CPU.ActiveCfg = Release|Any CPU
		{4ED46DFB-9CCB-4CAA-9C0D-DF6DB1D4EB0B}.Release|Any CPU.Build.0 = Release|Any CPU
		{F86F685E-5381-4E22-B663-1D2EDC0BC051}.Debug|Any CPU.ActiveCfg = Debug|Any CPU
		{F86F685E-5381-4E22-B663-1D2EDC0BC051}.Debug|Any CPU.Build.0 = Debug|Any CPU
		{F86F685E-5381-4E22-B663-1D2EDC0BC051}.Release|Any CPU.ActiveCfg = Release|Any CPU
		{F86F685E-5381-4E22-B663-1D2EDC0BC051}.Release|Any CPU.Build.0 = Release|Any CPU
	EndGlobalSection
EndGlobal
